# This file is automatically @generated by Cargo.
# It is not intended for manual editing.
version = 3

[[package]]
name = "eportfolio"
version = "0.1.0"
dependencies = [
 "markdown",
 "unchained_web",
]

[[package]]
name = "markdown"
version = "1.0.0-alpha.20"
source = "registry+https://github.com/rust-lang/crates.io-index"
checksum = "911a8325e6fb87b89890cd4529a2ab34c2669c026279e61c26b7140a3d821ccb"
dependencies = [
 "unicode-id",
]

[[package]]
name = "unchained_web"
version = "0.1.2"

[[package]]
name = "unicode-id"
version = "0.3.5"
source = "registry+https://github.com/rust-lang/crates.io-index"
checksum = "10103c57044730945224467c09f71a4db0071c123a0648cc3e818913bde6b561"
