# This file is automatically @generated by Cargo.
# It is not intended for manual editing.
version = 3

[[package]]
name = "eportfolio"
version = "0.1.0"
dependencies = [
 "markdown",
 "unchained_web",
]

[[package]]
name = "markdown"
version = "1.0.0-alpha.20"
source = "registry+https://github.com/rust-lang/crates.io-index"
checksum = "911a8325e6fb87b89890cd4529a2ab34c2669c026279e61c26b7140a3d821ccb"
dependencies = [
 "unicode-id",
]

[[package]]
name = "unchained_web"
version = "0.1.1"

[[package]]
name = "unicode-id"
version = "0.3.4"
source = "registry+https://github.com/rust-lang/crates.io-index"
checksum = "b1b6def86329695390197b82c1e244a54a131ceb66c996f2088a3876e2ae083f"
